
Microsoft Visual Studio Solution File, Format Version 12.00
# Visual Studio 15
VisualStudioVersion = 15.0.28010.2036
MinimumVisualStudioVersion = 10.0.40219.1
Project("{FAE04EC0-301F-11D3-BF4B-00C04F79EFBC}") = "Kutatas_core", "Kutatas_core\Kutatas_core.csproj", "{1937808E-2A8E-49EF-9FE2-84B3C57C1683}"
EndProject
Global
	GlobalSection(SolutionConfigurationPlatforms) = preSolution
		Debug|Any CPU = Debug|Any CPU
		Release|Any CPU = Release|Any CPU
	EndGlobalSection
	GlobalSection(ProjectConfigurationPlatforms) = postSolution
		{1937808E-2A8E-49EF-9FE2-84B3C57C1683}.Debug|Any CPU.ActiveCfg = Debug|Any CPU
		{1937808E-2A8E-49EF-9FE2-84B3C57C1683}.Debug|Any CPU.Build.0 = Debug|Any CPU
		{1937808E-2A8E-49EF-9FE2-84B3C57C1683}.Release|Any CPU.ActiveCfg = Release|Any CPU
		{1937808E-2A8E-49EF-9FE2-84B3C57C1683}.Release|Any CPU.Build.0 = Release|Any CPU
	EndGlobalSection
	GlobalSection(SolutionProperties) = preSolution
		HideSolutionNode = FALSE
	EndGlobalSection
	GlobalSection(ExtensibilityGlobals) = postSolution
		SolutionGuid = {2CF6445F-6D17-4464-B579-472CF10416F0}
	EndGlobalSection
EndGlobal
